
Microsoft Visual Studio Solution File, Format Version 12.00
# Visual Studio Version 16
VisualStudioVersion = 16.0.30114.105
MinimumVisualStudioVersion = 10.0.40219.1
Project("{FAE04EC0-301F-11D3-BF4B-00C04F79EFBC}") = "QL", "QL\QL.csproj", "{07A3DBAD-0B1A-4A8E-BD86-3C183F0F05D3}"
EndProject
Global
	GlobalSection(SolutionConfigurationPlatforms) = preSolution
		Debug|Any CPU = Debug|Any CPU
		Release|Any CPU = Release|Any CPU
	EndGlobalSection
	GlobalSection(ProjectConfigurationPlatforms) = postSolution
		{07A3DBAD-0B1A-4A8E-BD86-3C183F0F05D3}.Debug|Any CPU.ActiveCfg = Debug|Any CPU
		{07A3DBAD-0B1A-4A8E-BD86-3C183F0F05D3}.Debug|Any CPU.Build.0 = Debug|Any CPU
		{07A3DBAD-0B1A-4A8E-BD86-3C183F0F05D3}.Release|Any CPU.ActiveCfg = Release|Any CPU
		{07A3DBAD-0B1A-4A8E-BD86-3C183F0F05D3}.Release|Any CPU.Build.0 = Release|Any CPU
	EndGlobalSection
	GlobalSection(SolutionProperties) = preSolution
		HideSolutionNode = FALSE
	EndGlobalSection
	GlobalSection(ExtensibilityGlobals) = postSolution
		SolutionGuid = {74FEA973-E455-4103-B509-920B1B9630EF}
	EndGlobalSection
EndGlobal
